
Microsoft Visual Studio Solution File, Format Version 12.00
Project("{FAE04EC0-301F-11D3-BF4B-00C04F79EFBC}") = "Telephony", "Telephony\Telephony.csproj", "{98799A8C-43ED-4FE5-A579-718DF92F2AF7}"
EndProject
Project("{FAE04EC0-301F-11D3-BF4B-00C04F79EFBC}") = "Tests", "Tests\Tests.csproj", "{741D9365-455D-49CE-AEF8-29956CC0900F}"
EndProject
Global
	GlobalSection(SolutionConfigurationPlatforms) = preSolution
		Debug|Any CPU = Debug|Any CPU
		Release|Any CPU = Release|Any CPU
	EndGlobalSection
	GlobalSection(ProjectConfigurationPlatforms) = postSolution
		{98799A8C-43ED-4FE5-A579-718DF92F2AF7}.Debug|Any CPU.ActiveCfg = Debug|Any CPU
		{98799A8C-43ED-4FE5-A579-718DF92F2AF7}.Debug|Any CPU.Build.0 = Debug|Any CPU
		{98799A8C-43ED-4FE5-A579-718DF92F2AF7}.Release|Any CPU.ActiveCfg = Release|Any CPU
		{98799A8C-43ED-4FE5-A579-718DF92F2AF7}.Release|Any CPU.Build.0 = Release|Any CPU
		{741D9365-455D-49CE-AEF8-29956CC0900F}.Debug|Any CPU.ActiveCfg = Debug|Any CPU
		{741D9365-455D-49CE-AEF8-29956CC0900F}.Debug|Any CPU.Build.0 = Debug|Any CPU
		{741D9365-455D-49CE-AEF8-29956CC0900F}.Release|Any CPU.ActiveCfg = Release|Any CPU
		{741D9365-455D-49CE-AEF8-29956CC0900F}.Release|Any CPU.Build.0 = Release|Any CPU
	EndGlobalSection
EndGlobal
